
Microsoft Visual Studio Solution File, Format Version 12.00
# Visual Studio Version 17
VisualStudioVersion = 17.11.35327.3
MinimumVisualStudioVersion = 10.0.40219.1
Project("{9A19103F-16F7-4668-BE54-9A1E7A4F7556}") = "WpfTechnoTester", "WpfTechnoTester\WpfTechnoTester.csproj", "{114B9DBF-C4C1-433E-9816-1E9051B00F00}"
	ProjectSection(ProjectDependencies) = postProject
		{102665EB-4293-45A0-BC32-47D64E5AF4AB} = {102665EB-4293-45A0-BC32-47D64E5AF4AB}
		{EA6994A1-7F26-4D33-B5F2-75CA02995D7C} = {EA6994A1-7F26-4D33-B5F2-75CA02995D7C}
	EndProjectSection
EndProject
Project("{9A19103F-16F7-4668-BE54-9A1E7A4F7556}") = "TodoApi", "TodoApi\TodoApi.csproj", "{EA6994A1-7F26-4D33-B5F2-75CA02995D7C}"
EndProject
Project("{FAE04EC0-301F-11D3-BF4B-00C04F79EFBC}") = "IdentityServer", "IdentityServer\IdentityServer.csproj", "{102665EB-4293-45A0-BC32-47D64E5AF4AB}"
EndProject
Project("{FAE04EC0-301F-11D3-BF4B-00C04F79EFBC}") = "Domain", "Domain\Domain.csproj", "{20496FE1-D959-48E7-A801-E1CB46175B06}"
EndProject
Project("{FAE04EC0-301F-11D3-BF4B-00C04F79EFBC}") = "Cybervision.Dapr", "Cybervision.MongoDb\Cybervision.Dapr.csproj", "{0E2F6342-C34B-4B4B-9976-7DCEE4025598}"
EndProject
Global
	GlobalSection(SolutionConfigurationPlatforms) = preSolution
		Debug|Any CPU = Debug|Any CPU
		Release|Any CPU = Release|Any CPU
	EndGlobalSection
	GlobalSection(ProjectConfigurationPlatforms) = postSolution
		{114B9DBF-C4C1-433E-9816-1E9051B00F00}.Debug|Any CPU.ActiveCfg = Debug|Any CPU
		{114B9DBF-C4C1-433E-9816-1E9051B00F00}.Debug|Any CPU.Build.0 = Debug|Any CPU
		{114B9DBF-C4C1-433E-9816-1E9051B00F00}.Release|Any CPU.ActiveCfg = Release|Any CPU
		{114B9DBF-C4C1-433E-9816-1E9051B00F00}.Release|Any CPU.Build.0 = Release|Any CPU
		{EA6994A1-7F26-4D33-B5F2-75CA02995D7C}.Debug|Any CPU.ActiveCfg = Debug|Any CPU
		{EA6994A1-7F26-4D33-B5F2-75CA02995D7C}.Debug|Any CPU.Build.0 = Debug|Any CPU
		{EA6994A1-7F26-4D33-B5F2-75CA02995D7C}.Release|Any CPU.ActiveCfg = Release|Any CPU
		{EA6994A1-7F26-4D33-B5F2-75CA02995D7C}.Release|Any CPU.Build.0 = Release|Any CPU
		{102665EB-4293-45A0-BC32-47D64E5AF4AB}.Debug|Any CPU.ActiveCfg = Debug|Any CPU
		{102665EB-4293-45A0-BC32-47D64E5AF4AB}.Debug|Any CPU.Build.0 = Debug|Any CPU
		{102665EB-4293-45A0-BC32-47D64E5AF4AB}.Release|Any CPU.ActiveCfg = Release|Any CPU
		{102665EB-4293-45A0-BC32-47D64E5AF4AB}.Release|Any CPU.Build.0 = Release|Any CPU
		{20496FE1-D959-48E7-A801-E1CB46175B06}.Debug|Any CPU.ActiveCfg = Debug|Any CPU
		{20496FE1-D959-48E7-A801-E1CB46175B06}.Debug|Any CPU.Build.0 = Debug|Any CPU
		{20496FE1-D959-48E7-A801-E1CB46175B06}.Release|Any CPU.ActiveCfg = Release|Any CPU
		{20496FE1-D959-48E7-A801-E1CB46175B06}.Release|Any CPU.Build.0 = Release|Any CPU
		{0E2F6342-C34B-4B4B-9976-7DCEE4025598}.Debug|Any CPU.ActiveCfg = Debug|Any CPU
		{0E2F6342-C34B-4B4B-9976-7DCEE4025598}.Debug|Any CPU.Build.0 = Debug|Any CPU
		{0E2F6342-C34B-4B4B-9976-7DCEE4025598}.Release|Any CPU.ActiveCfg = Release|Any CPU
		{0E2F6342-C34B-4B4B-9976-7DCEE4025598}.Release|Any CPU.Build.0 = Release|Any CPU
	EndGlobalSection
	GlobalSection(SolutionProperties) = preSolution
		HideSolutionNode = FALSE
	EndGlobalSection
	GlobalSection(ExtensibilityGlobals) = postSolution
		SolutionGuid = {8765521B-36B6-4DAF-BAA1-8647F89DA319}
	EndGlobalSection
EndGlobal
